
Microsoft Visual Studio Solution File, Format Version 12.00
# Visual Studio 2013
VisualStudioVersion = 12.0.31101.0
MinimumVisualStudioVersion = 10.0.40219.1
Project("{FAE04EC0-301F-11D3-BF4B-00C04F79EFBC}") = "AppleITunes.Rss", "AppleITunes.Rss\AppleITunes.Rss.csproj", "{6E4E0BF6-9EAF-43C9-81A1-344D0E270F1F}"
EndProject
Project("{FAE04EC0-301F-11D3-BF4B-00C04F79EFBC}") = "ConsoleApplication1", "ConsoleApplication1\ConsoleApplication1.csproj", "{2DA8349E-5E66-4AD0-98DC-6505CE8456D5}"
EndProject
Project("{FAE04EC0-301F-11D3-BF4B-00C04F79EFBC}") = "Generator", "Generator\Generator.csproj", "{35C3546A-111A-4711-8AE3-A4DC3B6AAA83}"
EndProject
Project("{FAE04EC0-301F-11D3-BF4B-00C04F79EFBC}") = "AppleITunes.Search", "AppleITunes.Search\AppleITunes.Search.csproj", "{6FEDC8FD-5CEC-46BC-A15F-148A35DF1DBE}"
EndProject
Global
	GlobalSection(SolutionConfigurationPlatforms) = preSolution
		Debug|Any CPU = Debug|Any CPU
		Release|Any CPU = Release|Any CPU
	EndGlobalSection
	GlobalSection(ProjectConfigurationPlatforms) = postSolution
		{6E4E0BF6-9EAF-43C9-81A1-344D0E270F1F}.Debug|Any CPU.ActiveCfg = Debug|Any CPU
		{6E4E0BF6-9EAF-43C9-81A1-344D0E270F1F}.Debug|Any CPU.Build.0 = Debug|Any CPU
		{6E4E0BF6-9EAF-43C9-81A1-344D0E270F1F}.Release|Any CPU.ActiveCfg = Release|Any CPU
		{6E4E0BF6-9EAF-43C9-81A1-344D0E270F1F}.Release|Any CPU.Build.0 = Release|Any CPU
		{2DA8349E-5E66-4AD0-98DC-6505CE8456D5}.Debug|Any CPU.ActiveCfg = Debug|Any CPU
		{2DA8349E-5E66-4AD0-98DC-6505CE8456D5}.Debug|Any CPU.Build.0 = Debug|Any CPU
		{2DA8349E-5E66-4AD0-98DC-6505CE8456D5}.Release|Any CPU.ActiveCfg = Release|Any CPU
		{2DA8349E-5E66-4AD0-98DC-6505CE8456D5}.Release|Any CPU.Build.0 = Release|Any CPU
		{35C3546A-111A-4711-8AE3-A4DC3B6AAA83}.Debug|Any CPU.ActiveCfg = Debug|Any CPU
		{35C3546A-111A-4711-8AE3-A4DC3B6AAA83}.Debug|Any CPU.Build.0 = Debug|Any CPU
		{35C3546A-111A-4711-8AE3-A4DC3B6AAA83}.Release|Any CPU.ActiveCfg = Release|Any CPU
		{35C3546A-111A-4711-8AE3-A4DC3B6AAA83}.Release|Any CPU.Build.0 = Release|Any CPU
		{6FEDC8FD-5CEC-46BC-A15F-148A35DF1DBE}.Debug|Any CPU.ActiveCfg = Debug|Any CPU
		{6FEDC8FD-5CEC-46BC-A15F-148A35DF1DBE}.Debug|Any CPU.Build.0 = Debug|Any CPU
		{6FEDC8FD-5CEC-46BC-A15F-148A35DF1DBE}.Release|Any CPU.ActiveCfg = Release|Any CPU
		{6FEDC8FD-5CEC-46BC-A15F-148A35DF1DBE}.Release|Any CPU.Build.0 = Release|Any CPU
	EndGlobalSection
	GlobalSection(SolutionProperties) = preSolution
		HideSolutionNode = FALSE
	EndGlobalSection
EndGlobal
